{
  "nodes": {
    "cargo2nix": {
      "inputs": {
        "flake-compat": "flake-compat",
        "flake-utils": "flake-utils",
        "nixpkgs": "nixpkgs",
        "rust-overlay": "rust-overlay"
      },
      "locked": {
        "lastModified": 1705129117,
        "narHash": "sha256-LgdDHibvimzYhxBK3kxCk2gAL7k4Hyigl5KI0X9cijA=",
        "owner": "cargo2nix",
        "repo": "cargo2nix",
        "rev": "ae19a9e1f8f0880c088ea155ab66cee1fa001f59",
        "type": "github"
      },
      "original": {
        "owner": "cargo2nix",
        "repo": "cargo2nix",
        "type": "github"
      }
    },
    "cargo2nix_2": {
      "inputs": {
        "flake-compat": "flake-compat_2",
        "flake-utils": "flake-utils_3",
        "nixpkgs": "nixpkgs_2",
        "rust-overlay": "rust-overlay_2"
      },
      "locked": {
        "lastModified": 1699033427,
        "narHash": "sha256-OVtd5IPbb4NvHibN+QvMrMxq7aZN5GFoINZSAXKjUdA=",
        "owner": "cargo2nix",
        "repo": "cargo2nix",
        "rev": "c6f33051f412352f293e738cc8da6fd4c457080f",
        "type": "github"
      },
      "original": {
        "owner": "cargo2nix",
        "ref": "release-0.11.0",
        "repo": "cargo2nix",
        "type": "github"
      }
    },
    "cargo2nix_3": {
      "inputs": {
        "flake-compat": "flake-compat_3",
        "flake-utils": "flake-utils_5",
        "nixpkgs": "nixpkgs_4",
        "rust-overlay": "rust-overlay_3"
      },
      "locked": {
        "lastModified": 1697541942,
        "narHash": "sha256-FHniiObDceR+GXZwzkt34x4V6vj4LAo/3BcpAFVmtX0=",
        "owner": "cargo2nix",
        "repo": "cargo2nix",
        "rev": "f4fecb261e2daba91978aa98629b449c641298ad",
        "type": "github"
      },
      "original": {
        "owner": "cargo2nix",
        "ref": "release-0.11.0",
        "repo": "cargo2nix",
        "type": "github"
      }
    },
    "flake-compat": {
      "flake": false,
      "locked": {
        "lastModified": 1696426674,
        "narHash": "sha256-kvjfFW7WAETZlt09AgDn1MrtKzP7t90Vf7vypd3OL1U=",
        "owner": "edolstra",
        "repo": "flake-compat",
        "rev": "0f9255e01c2351cc7d116c072cb317785dd33b33",
        "type": "github"
      },
      "original": {
        "owner": "edolstra",
        "repo": "flake-compat",
        "type": "github"
      }
    },
    "flake-compat_2": {
      "flake": false,
      "locked": {
        "lastModified": 1696426674,
        "narHash": "sha256-kvjfFW7WAETZlt09AgDn1MrtKzP7t90Vf7vypd3OL1U=",
        "owner": "edolstra",
        "repo": "flake-compat",
        "rev": "0f9255e01c2351cc7d116c072cb317785dd33b33",
        "type": "github"
      },
      "original": {
        "owner": "edolstra",
        "repo": "flake-compat",
        "type": "github"
      }
    },
    "flake-compat_3": {
      "flake": false,
      "locked": {
        "lastModified": 1696426674,
        "narHash": "sha256-kvjfFW7WAETZlt09AgDn1MrtKzP7t90Vf7vypd3OL1U=",
        "owner": "edolstra",
        "repo": "flake-compat",
        "rev": "0f9255e01c2351cc7d116c072cb317785dd33b33",
        "type": "github"
      },
      "original": {
        "owner": "edolstra",
        "repo": "flake-compat",
        "type": "github"
      }
    },
    "flake-compat_4": {
      "flake": false,
      "locked": {
        "lastModified": 1673956053,
        "narHash": "sha256-4gtG9iQuiKITOjNQQeQIpoIB6b16fm+504Ch3sNKLd8=",
        "owner": "edolstra",
        "repo": "flake-compat",
        "rev": "35bb57c0c8d8b62bbfd284272c928ceb64ddbde9",
        "type": "github"
      },
      "original": {
        "owner": "edolstra",
        "repo": "flake-compat",
        "type": "github"
      }
    },
    "flake-utils": {
      "inputs": {
        "systems": "systems"
      },
      "locked": {
        "lastModified": 1694529238,
        "narHash": "sha256-zsNZZGTGnMOf9YpHKJqMSsa0dXbfmxeoJ7xHlrt+xmY=",
        "owner": "numtide",
        "repo": "flake-utils",
        "rev": "ff7b65b44d01cf9ba6a71320833626af21126384",
        "type": "github"
      },
      "original": {
        "owner": "numtide",
        "repo": "flake-utils",
        "type": "github"
      }
    },
    "flake-utils_2": {
      "inputs": {
        "systems": "systems_2"
      },
      "locked": {
        "lastModified": 1710146030,
        "narHash": "sha256-SZ5L6eA7HJ/nmkzGG7/ISclqe6oZdOZTNoesiInkXPQ=",
        "owner": "numtide",
        "repo": "flake-utils",
        "rev": "b1d9ab70662946ef0850d488da1c9019f3a9752a",
        "type": "github"
      },
      "original": {
        "owner": "numtide",
        "repo": "flake-utils",
        "type": "github"
      }
    },
    "flake-utils_3": {
      "inputs": {
        "systems": "systems_3"
      },
      "locked": {
        "lastModified": 1694529238,
        "narHash": "sha256-zsNZZGTGnMOf9YpHKJqMSsa0dXbfmxeoJ7xHlrt+xmY=",
        "owner": "numtide",
        "repo": "flake-utils",
        "rev": "ff7b65b44d01cf9ba6a71320833626af21126384",
        "type": "github"
      },
      "original": {
        "owner": "numtide",
        "repo": "flake-utils",
        "type": "github"
      }
    },
    "flake-utils_4": {
      "locked": {
        "lastModified": 1652776076,
        "narHash": "sha256-gzTw/v1vj4dOVbpBSJX4J0DwUR6LIyXo7/SuuTJp1kM=",
        "owner": "numtide",
        "repo": "flake-utils",
        "rev": "04c1b180862888302ddfb2e3ad9eaa63afc60cf8",
        "type": "github"
      },
      "original": {
        "owner": "numtide",
        "ref": "v1.0.0",
        "repo": "flake-utils",
        "type": "github"
      }
    },
    "flake-utils_5": {
      "inputs": {
        "systems": "systems_4"
      },
      "locked": {
        "lastModified": 1694529238,
        "narHash": "sha256-zsNZZGTGnMOf9YpHKJqMSsa0dXbfmxeoJ7xHlrt+xmY=",
        "owner": "numtide",
        "repo": "flake-utils",
        "rev": "ff7b65b44d01cf9ba6a71320833626af21126384",
        "type": "github"
      },
      "original": {
        "owner": "numtide",
        "repo": "flake-utils",
        "type": "github"
      }
    },
    "flake-utils_6": {
      "locked": {
        "lastModified": 1676283394,
        "narHash": "sha256-XX2f9c3iySLCw54rJ/CZs+ZK6IQy7GXNY4nSOyu2QG4=",
        "owner": "numtide",
        "repo": "flake-utils",
        "rev": "3db36a8b464d0c4532ba1c7dda728f4576d6d073",
        "type": "github"
      },
      "original": {
        "owner": "numtide",
        "repo": "flake-utils",
        "type": "github"
      }
    },
    "flake-utils_7": {
      "inputs": {
        "systems": "systems_5"
      },
      "locked": {
        "lastModified": 1710146030,
        "narHash": "sha256-SZ5L6eA7HJ/nmkzGG7/ISclqe6oZdOZTNoesiInkXPQ=",
        "owner": "numtide",
        "repo": "flake-utils",
        "rev": "b1d9ab70662946ef0850d488da1c9019f3a9752a",
        "type": "github"
      },
      "original": {
        "owner": "numtide",
        "repo": "flake-utils",
        "type": "github"
      }
    },
    "gomod2nix": {
      "inputs": {
        "nixpkgs": [
          "nix-search-cli",
          "nixpkgs"
        ],
        "utils": [
          "nix-search-cli",
          "flake-utils"
        ]
      },
      "locked": {
        "lastModified": 1662501203,
        "narHash": "sha256-4BKeqCX2zwgBiTdlc2DjGQ0CttKm0vSw0r/bdFdM/PQ=",
        "owner": "nix-community",
        "repo": "gomod2nix",
        "rev": "89cd0675b96775aa3ee86e7c0cf5bc238dd27976",
        "type": "github"
      },
      "original": {
        "owner": "nix-community",
        "repo": "gomod2nix",
        "type": "github"
      }
    },
    "home-manager": {
      "inputs": {
        "nixpkgs": [
          "nixpkgs"
        ]
      },
      "locked": {
        "lastModified": 1722630065,
        "narHash": "sha256-QfM/9BMRkCmgWzrPDK+KbgJOUlSJnfX4OvsUupEUZvA=",
        "owner": "nix-community",
        "repo": "home-manager",
        "rev": "afc892db74d65042031a093adb6010c4c3378422",
        "type": "github"
      },
      "original": {
        "owner": "nix-community",
        "repo": "home-manager",
        "type": "github"
      }
    },
    "napali": {
      "inputs": {
        "cargo2nix": "cargo2nix_2",
        "flake-utils": "flake-utils_4",
        "nixpkgs": "nixpkgs_3"
      },
      "locked": {
        "lastModified": 1702277476,
        "narHash": "sha256-yWvlucTlnrQxLI7KuEMdDVEzoPBqAt9bEgnt4488Zbk=",
        "rev": "13054bd2a277b01207c4a7731c4a969f9ca1bed6",
        "revCount": 25,
        "type": "tarball",
        "url": "https://api.flakehub.com/f/pinned/integrated-reasoning/napali/0.1.1/018c57ab-0815-7280-901b-98a96f4a56f4/source.tar.gz"
      },
      "original": {
        "type": "tarball",
        "url": "https://flakehub.com/f/integrated-reasoning/napali/%2A.tar.gz"
      }
    },
    "nix-base": {
      "inputs": {
        "cargo2nix": "cargo2nix_3",
        "nixpkgs": "nixpkgs_5",
        "unstable-nixpkgs": "unstable-nixpkgs",
        "utils": "utils"
      },
      "locked": {
        "lastModified": 1698813423,
        "narHash": "sha256-RqrfCSuaKK3AmWTxRIv/zw6bc4OBKz5UJF++gF6e0rQ=",
        "ref": "refs/heads/main",
        "rev": "45a87076226d7e737b15a9e69e0670ddb5ab7794",
        "revCount": 47,
        "type": "git",
        "url": "ssh://git@gitlab.com/integrated-reasoning/nix-base"
      },
      "original": {
        "type": "git",
        "url": "ssh://git@gitlab.com/integrated-reasoning/nix-base"
      }
    },
    "nix-search-cli": {
      "inputs": {
        "flake-compat": "flake-compat_4",
        "flake-utils": "flake-utils_6",
        "gomod2nix": "gomod2nix",
        "nixpkgs": "nixpkgs_6"
      },
      "locked": {
        "lastModified": 1694533851,
        "narHash": "sha256-YM1Lf7py79rU8aJE0PfQaMr5JWx5J1covUf1aCjRkc8=",
        "owner": "peterldowns",
        "repo": "nix-search-cli",
        "rev": "f3f1c53c72dadac06472a7112aeb486ab5dda695",
        "type": "github"
      },
      "original": {
        "owner": "peterldowns",
        "repo": "nix-search-cli",
        "type": "github"
      }
    },
    "nixinate": {
      "inputs": {
        "nixpkgs": "nixpkgs_8"
      },
      "locked": {
        "lastModified": 1708891350,
        "narHash": "sha256-VOQrKK7Df/IVuNki+NshVuGkTa/Tw0GigPjWcZff6kk=",
        "owner": "matthewcroughan",
        "repo": "nixinate",
        "rev": "452f33c60df5b72ad0858f5f2cf224bdf1f17746",
        "type": "github"
      },
      "original": {
        "owner": "matthewcroughan",
        "repo": "nixinate",
        "type": "github"
      }
    },
    "nixpkgs": {
      "locked": {
        "lastModified": 1705099185,
        "narHash": "sha256-SxJenKtvcrKJd0TyJQMO3p6VA7PEp+vmMnmlKFzWMNs=",
        "owner": "nixos",
        "repo": "nixpkgs",
        "rev": "2bce5ccff0ad7abda23e8bb56434b6877a446694",
        "type": "github"
      },
      "original": {
        "owner": "nixos",
        "ref": "release-23.11",
        "repo": "nixpkgs",
        "type": "github"
      }
    },
    "nixpkgs_2": {
      "locked": {
        "lastModified": 1697382362,
        "narHash": "sha256-PvFjWFmSYOF6TjNZ/WjOeqa+sgaWm+83Fz37vEuATHA=",
        "owner": "nixos",
        "repo": "nixpkgs",
        "rev": "ad9a253a0d34f313707f9c25fb8c95c65b1c8882",
        "type": "github"
      },
      "original": {
        "owner": "nixos",
        "ref": "release-23.05",
        "repo": "nixpkgs",
        "type": "github"
      }
    },
    "nixpkgs_3": {
      "locked": {
        "narHash": "sha256-4VIBCyfqnEsdVP/SgKZ3rudwzxGdEqpKfgoWETs/I6k=",
        "rev": "7f7851dfc570812c305d89438681b715a4f7beba",
        "revCount": 551785,
        "type": "tarball",
        "url": "https://api.flakehub.com/f/pinned/NixOS/nixpkgs/0.2311.551785%2Brev-7f7851dfc570812c305d89438681b715a4f7beba/018c02e8-4cf6-7474-88c9-00629834a45e/source.tar.gz"
      },
      "original": {
        "type": "tarball",
        "url": "https://flakehub.com/f/NixOS/nixpkgs/%2A.tar.gz"
      }
    },
    "nixpkgs_4": {
      "locked": {
        "lastModified": 1697382362,
        "narHash": "sha256-PvFjWFmSYOF6TjNZ/WjOeqa+sgaWm+83Fz37vEuATHA=",
        "owner": "nixos",
        "repo": "nixpkgs",
        "rev": "ad9a253a0d34f313707f9c25fb8c95c65b1c8882",
        "type": "github"
      },
      "original": {
        "owner": "nixos",
        "ref": "release-23.05",
        "repo": "nixpkgs",
        "type": "github"
      }
    },
    "nixpkgs_5": {
      "locked": {
        "narHash": "sha256-M4VFpy7Av9j+33HF5nIGm0k2+DXXW4qSSKdidIKg5jY=",
        "rev": "74e5bdc5478ebbe7ba5849f0d765f92757bb9dbf",
        "revCount": 490387,
        "type": "tarball",
        "url": "https://api.flakehub.com/f/pinned/NixOS/nixpkgs/0.2305.490387%2Brev-74e5bdc5478ebbe7ba5849f0d765f92757bb9dbf/018a32e8-728e-79be-b750-1e9bf72e5a50/source.tar.gz"
      },
      "original": {
        "type": "tarball",
        "url": "https://flakehub.com/f/NixOS/nixpkgs/%2A.tar.gz"
      }
    },
    "nixpkgs_6": {
      "locked": {
        "lastModified": 1677407201,
        "narHash": "sha256-3blwdI9o1BAprkvlByHvtEm5HAIRn/XPjtcfiunpY7s=",
        "owner": "nixos",
        "repo": "nixpkgs",
        "rev": "7f5639fa3b68054ca0b062866dc62b22c3f11505",
        "type": "github"
      },
      "original": {
        "owner": "nixos",
        "ref": "nixos-unstable",
        "repo": "nixpkgs",
        "type": "github"
      }
    },
    "nixpkgs_7": {
      "locked": {
        "lastModified": 1721693962,
        "narHash": "sha256-/XDwwfJMQ9KSHOFgag+2NJVQwN1J2psjU2O2BwaJw1w=",
        "owner": "integrated-reasoning",
        "repo": "nixpkgs",
        "rev": "cf087e3a358553e02ba72f39437ddce8aea2b869",
        "type": "github"
      },
      "original": {
        "owner": "integrated-reasoning",
        "ref": "codecompanion.nvim",
        "repo": "nixpkgs",
        "type": "github"
      }
    },
    "nixpkgs_8": {
      "locked": {
        "lastModified": 1653060744,
        "narHash": "sha256-kfRusllRumpt33J1hPV+CeCCylCXEU7e0gn2/cIM7cY=",
        "owner": "nixos",
        "repo": "nixpkgs",
        "rev": "dfd82985c273aac6eced03625f454b334daae2e8",
        "type": "github"
      },
      "original": {
        "owner": "nixos",
        "ref": "nixos-unstable",
        "repo": "nixpkgs",
        "type": "github"
      }
    },
    "nixpkgs_9": {
      "locked": {
        "lastModified": 1715668745,
        "narHash": "sha256-xp62OkRkbUDNUc6VSqH02jB0FbOS+MsfMb7wL1RJOfA=",
        "rev": "9ddcaffecdf098822d944d4147dd8da30b4e6843",
        "revCount": 558484,
        "type": "tarball",
        "url": "https://api.flakehub.com/f/pinned/NixOS/nixpkgs/0.2311.558484%2Brev-9ddcaffecdf098822d944d4147dd8da30b4e6843/018f7bf7-c7bb-7b91-bed1-833da8f9e65e/source.tar.gz"
      },
      "original": {
        "type": "tarball",
        "url": "https://flakehub.com/f/NixOS/nixpkgs/%2A.tar.gz"
      }
    },
    "private": {
      "inputs": {
        "flake-utils": "flake-utils_7",
        "nixinate": "nixinate",
        "nixpkgs": "nixpkgs_9"
      },
      "locked": {
        "lastModified": 1717703282,
        "narHash": "sha256-JERqJKriuBCtil3PQOhxo6KzFb8oEbZcw3Kd5F/RVYc=",
        "ref": "refs/heads/main",
        "rev": "568325a7e74e439f9b76a11cfd89463ff0b848cc",
        "revCount": 22,
        "type": "git",
        "url": "ssh://git@github.com/david-r-cox/private-nixos-config"
      },
      "original": {
        "type": "git",
        "url": "ssh://git@github.com/david-r-cox/private-nixos-config"
      }
    },
    "root": {
      "inputs": {
        "cargo2nix": "cargo2nix",
        "flake-utils": "flake-utils_2",
        "home-manager": "home-manager",
        "napali": "napali",
        "nix-base": "nix-base",
        "nix-search-cli": "nix-search-cli",
        "nixpkgs": "nixpkgs_7",
        "private": "private"
      }
    },
    "rust-overlay": {
      "inputs": {
        "flake-utils": [
          "cargo2nix",
          "flake-utils"
        ],
        "nixpkgs": [
          "cargo2nix",
          "nixpkgs"
        ]
      },
      "locked": {
        "lastModified": 1705112162,
        "narHash": "sha256-IAM0+Uijh/fwlfoeDrOwau9MxcZW3zeDoUHc6Z3xfqM=",
        "owner": "oxalica",
        "repo": "rust-overlay",
        "rev": "9e0af26ffe52bf955ad5575888f093e41fba0104",
        "type": "github"
      },
      "original": {
        "owner": "oxalica",
        "repo": "rust-overlay",
        "type": "github"
      }
    },
    "rust-overlay_2": {
      "inputs": {
        "flake-utils": [
          "napali",
          "cargo2nix",
          "flake-utils"
        ],
        "nixpkgs": [
          "napali",
          "cargo2nix",
          "nixpkgs"
        ]
      },
      "locked": {
        "lastModified": 1697336027,
        "narHash": "sha256-ctmmw7j4liyfSh63v9rdFZeIoNYCkCvgqvtEOB7KhX8=",
        "owner": "oxalica",
        "repo": "rust-overlay",
        "rev": "e494404d36a41247987eeb1bfc2f1ca903e97764",
        "type": "github"
      },
      "original": {
        "owner": "oxalica",
        "repo": "rust-overlay",
        "type": "github"
      }
    },
    "rust-overlay_3": {
      "inputs": {
        "flake-utils": [
          "nix-base",
          "cargo2nix",
          "flake-utils"
        ],
        "nixpkgs": [
          "nix-base",
          "cargo2nix",
          "nixpkgs"
        ]
      },
      "locked": {
        "lastModified": 1697336027,
        "narHash": "sha256-ctmmw7j4liyfSh63v9rdFZeIoNYCkCvgqvtEOB7KhX8=",
        "owner": "oxalica",
        "repo": "rust-overlay",
        "rev": "e494404d36a41247987eeb1bfc2f1ca903e97764",
        "type": "github"
      },
      "original": {
        "owner": "oxalica",
        "repo": "rust-overlay",
        "type": "github"
      }
    },
    "systems": {
      "locked": {
        "lastModified": 1681028828,
        "narHash": "sha256-Vy1rq5AaRuLzOxct8nz4T6wlgyUR7zLU309k9mBC768=",
        "owner": "nix-systems",
        "repo": "default",
        "rev": "da67096a3b9bf56a91d16901293e51ba5b49a27e",
        "type": "github"
      },
      "original": {
        "owner": "nix-systems",
        "repo": "default",
        "type": "github"
      }
    },
    "systems_2": {
      "locked": {
        "lastModified": 1681028828,
        "narHash": "sha256-Vy1rq5AaRuLzOxct8nz4T6wlgyUR7zLU309k9mBC768=",
        "owner": "nix-systems",
        "repo": "default",
        "rev": "da67096a3b9bf56a91d16901293e51ba5b49a27e",
        "type": "github"
      },
      "original": {
        "owner": "nix-systems",
        "repo": "default",
        "type": "github"
      }
    },
    "systems_3": {
      "locked": {
        "lastModified": 1681028828,
        "narHash": "sha256-Vy1rq5AaRuLzOxct8nz4T6wlgyUR7zLU309k9mBC768=",
        "owner": "nix-systems",
        "repo": "default",
        "rev": "da67096a3b9bf56a91d16901293e51ba5b49a27e",
        "type": "github"
      },
      "original": {
        "owner": "nix-systems",
        "repo": "default",
        "type": "github"
      }
    },
    "systems_4": {
      "locked": {
        "lastModified": 1681028828,
        "narHash": "sha256-Vy1rq5AaRuLzOxct8nz4T6wlgyUR7zLU309k9mBC768=",
        "owner": "nix-systems",
        "repo": "default",
        "rev": "da67096a3b9bf56a91d16901293e51ba5b49a27e",
        "type": "github"
      },
      "original": {
        "owner": "nix-systems",
        "repo": "default",
        "type": "github"
      }
    },
    "systems_5": {
      "locked": {
        "lastModified": 1681028828,
        "narHash": "sha256-Vy1rq5AaRuLzOxct8nz4T6wlgyUR7zLU309k9mBC768=",
        "owner": "nix-systems",
        "repo": "default",
        "rev": "da67096a3b9bf56a91d16901293e51ba5b49a27e",
        "type": "github"
      },
      "original": {
        "owner": "nix-systems",
        "repo": "default",
        "type": "github"
      }
    },
    "unstable-nixpkgs": {
      "locked": {
        "lastModified": 1698266953,
        "narHash": "sha256-jf72t7pC8+8h8fUslUYbWTX5rKsRwOzRMX8jJsGqDXA=",
        "owner": "nixos",
        "repo": "nixpkgs",
        "rev": "75a52265bda7fd25e06e3a67dee3f0354e73243c",
        "type": "github"
      },
      "original": {
        "owner": "nixos",
        "ref": "nixpkgs-unstable",
        "repo": "nixpkgs",
        "type": "github"
      }
    },
    "utils": {
      "locked": {
        "lastModified": 1652776076,
        "narHash": "sha256-gzTw/v1vj4dOVbpBSJX4J0DwUR6LIyXo7/SuuTJp1kM=",
        "owner": "numtide",
        "repo": "flake-utils",
        "rev": "04c1b180862888302ddfb2e3ad9eaa63afc60cf8",
        "type": "github"
      },
      "original": {
        "owner": "numtide",
        "ref": "v1.0.0",
        "repo": "flake-utils",
        "type": "github"
      }
    }
  },
  "root": "root",
  "version": 7
}
